
Microsoft Visual Studio Solution File, Format Version 12.00
# Visual Studio Version 16
VisualStudioVersion = 16.0.29411.108
MinimumVisualStudioVersion = 10.0.40219.1
Project("{9A19103F-16F7-4668-BE54-9A1E7A4F7556}") = "MonoCycle", "MonoCycle\MonoCycle.csproj", "{42E9A954-0D60-4BA0-A8C6-1B0EED85A5B9}"
EndProject
Project("{9A19103F-16F7-4668-BE54-9A1E7A4F7556}") = "HoverBoard", "HoverBoard\HoverBoard.csproj", "{344BB560-A51B-4ECE-9591-8F905A391A97}"
EndProject
Global
	GlobalSection(SolutionConfigurationPlatforms) = preSolution
		Debug|Any CPU = Debug|Any CPU
		Release|Any CPU = Release|Any CPU
	EndGlobalSection
	GlobalSection(ProjectConfigurationPlatforms) = postSolution
		{42E9A954-0D60-4BA0-A8C6-1B0EED85A5B9}.Debug|Any CPU.ActiveCfg = Debug|Any CPU
		{42E9A954-0D60-4BA0-A8C6-1B0EED85A5B9}.Debug|Any CPU.Build.0 = Debug|Any CPU
		{42E9A954-0D60-4BA0-A8C6-1B0EED85A5B9}.Release|Any CPU.ActiveCfg = Release|Any CPU
		{42E9A954-0D60-4BA0-A8C6-1B0EED85A5B9}.Release|Any CPU.Build.0 = Release|Any CPU
		{344BB560-A51B-4ECE-9591-8F905A391A97}.Debug|Any CPU.ActiveCfg = Debug|Any CPU
		{344BB560-A51B-4ECE-9591-8F905A391A97}.Debug|Any CPU.Build.0 = Debug|Any CPU
		{344BB560-A51B-4ECE-9591-8F905A391A97}.Release|Any CPU.ActiveCfg = Release|Any CPU
		{344BB560-A51B-4ECE-9591-8F905A391A97}.Release|Any CPU.Build.0 = Release|Any CPU
	EndGlobalSection
	GlobalSection(SolutionProperties) = preSolution
		HideSolutionNode = FALSE
	EndGlobalSection
	GlobalSection(ExtensibilityGlobals) = postSolution
		SolutionGuid = {F753A515-1474-4251-919A-D43D0FB4E03B}
	EndGlobalSection
EndGlobal
