
Microsoft Visual Studio Solution File, Format Version 12.00
# Visual Studio Version 16
VisualStudioVersion = 16.0.29709.97
MinimumVisualStudioVersion = 10.0.40219.1
Project("{FAE04EC0-301F-11D3-BF4B-00C04F79EFBC}") = "Bootstrap_Lessons", "Bootstrap_Lessons\Bootstrap_Lessons.csproj", "{F3755337-D899-4AA3-8EEE-8FFA16D3BC69}"
EndProject
Global
	GlobalSection(SolutionConfigurationPlatforms) = preSolution
		Debug|Any CPU = Debug|Any CPU
		Release|Any CPU = Release|Any CPU
	EndGlobalSection
	GlobalSection(ProjectConfigurationPlatforms) = postSolution
		{F3755337-D899-4AA3-8EEE-8FFA16D3BC69}.Debug|Any CPU.ActiveCfg = Debug|Any CPU
		{F3755337-D899-4AA3-8EEE-8FFA16D3BC69}.Debug|Any CPU.Build.0 = Debug|Any CPU
		{F3755337-D899-4AA3-8EEE-8FFA16D3BC69}.Release|Any CPU.ActiveCfg = Release|Any CPU
		{F3755337-D899-4AA3-8EEE-8FFA16D3BC69}.Release|Any CPU.Build.0 = Release|Any CPU
	EndGlobalSection
	GlobalSection(SolutionProperties) = preSolution
		HideSolutionNode = FALSE
	EndGlobalSection
	GlobalSection(ExtensibilityGlobals) = postSolution
		SolutionGuid = {87AE0E7D-223D-4029-A319-3527228A5445}
	EndGlobalSection
EndGlobal
