
Microsoft Visual Studio Solution File, Format Version 12.00
# Visual Studio Version 17
VisualStudioVersion = 17.0.31423.177
MinimumVisualStudioVersion = 10.0.40219.1
Project("{9A19103F-16F7-4668-BE54-9A1E7A4F7556}") = "SystemPromming", "SystemPromming\SystemPromming.csproj", "{90646BB5-6B08-4EFA-A979-5120D8E5C976}"
EndProject
Project("{FAE04EC0-301F-11D3-BF4B-00C04F79EFBC}") = "ProcessDemo", "ProcessDemo\ProcessDemo.csproj", "{37398AA1-B404-4A70-8234-20B0C2C000BE}"
EndProject
Project("{9A19103F-16F7-4668-BE54-9A1E7A4F7556}") = "HelloWorld", "HelloWorld\HelloWorld.csproj", "{E1DB2E14-2B51-4E8F-8768-2A36889E7050}"
EndProject
Project("{FAE04EC0-301F-11D3-BF4B-00C04F79EFBC}") = "HelloWorldDN", "HelloWorldDN\HelloWorldDN.csproj", "{1AB2AB21-A293-405C-A948-FFE4DF3586D1}"
EndProject
Project("{9A19103F-16F7-4668-BE54-9A1E7A4F7556}") = "ThreadDemoCore", "ThreadDemo\ThreadDemoCore.csproj", "{B9FAF156-D482-4C34-B222-647287D12034}"
EndProject
Project("{FAE04EC0-301F-11D3-BF4B-00C04F79EFBC}") = "ThreadDemoNET", "ThreadDemoNET\ThreadDemoNET.csproj", "{B89D6C79-DF78-49B5-AF63-F167E97FC011}"
EndProject
Project("{9A19103F-16F7-4668-BE54-9A1E7A4F7556}") = "SinchronizeDemoConcurentResource", "SinchronizeDemoConcurentResource\SinchronizeDemoConcurentResource.csproj", "{9BC8F771-3E91-4797-BF92-4C5A7C7ABAFF}"
EndProject
Project("{9A19103F-16F7-4668-BE54-9A1E7A4F7556}") = "TaskDemo", "TaskDemo\TaskDemo.csproj", "{34E26B8D-42A4-4377-B4BC-23D867277DE5}"
EndProject
Project("{9A19103F-16F7-4668-BE54-9A1E7A4F7556}") = "LockSelfDemo", "LockSelfDemo\LockSelfDemo.csproj", "{AB428643-B296-4D50-A90C-46E4AACA13EA}"
EndProject
Project("{9A19103F-16F7-4668-BE54-9A1E7A4F7556}") = "CommonLib", "CommonLib\CommonLib.csproj", "{2DD77A60-9E0B-4849-BDE8-B843BEA6D357}"
EndProject
Project("{9A19103F-16F7-4668-BE54-9A1E7A4F7556}") = "MutexDemo", "MutexDemo\MutexDemo.csproj", "{8AA11357-BC59-4284-ADF6-896E57E81BA7}"
EndProject
Project("{9A19103F-16F7-4668-BE54-9A1E7A4F7556}") = "MemoryBallon", "MemoryBallon\MemoryBallon.csproj", "{55FF7E60-63CA-43E0-8836-8CA511E6DC3A}"
EndProject
Project("{9A19103F-16F7-4668-BE54-9A1E7A4F7556}") = "DLLImportDemo", "DLLImportDemo\DLLImportDemo.csproj", "{64D51E8D-6502-44EB-BA92-909D7107D97C}"
EndProject
Project("{9A19103F-16F7-4668-BE54-9A1E7A4F7556}") = "ThreadAsyncDemo", "ThreadAsyncDemo\ThreadAsyncDemo.csproj", "{9CA9DE8D-14C1-42CD-A5B1-23779BB33628}"
EndProject
Project("{9A19103F-16F7-4668-BE54-9A1E7A4F7556}") = "ManualResetEventDemo", "ManualResetEventDemo\ManualResetEventDemo.csproj", "{F9AB7C87-6690-431B-9E28-59F7F2818FC8}"
EndProject
Project("{9A19103F-16F7-4668-BE54-9A1E7A4F7556}") = "AutoResetEventDemo", "AutoResetEventDemo\AutoResetEventDemo.csproj", "{0AF4EC11-6E30-41F5-AFD9-2DA606B195E0}"
EndProject
Project("{9A19103F-16F7-4668-BE54-9A1E7A4F7556}") = "ParallelForDemo", "ParallelDemo\ParallelForDemo.csproj", "{3FBBF75E-2B6A-4273-848B-28A81F6027F1}"
EndProject
Project("{9A19103F-16F7-4668-BE54-9A1E7A4F7556}") = "RegistryDemo", "RegistryDemo\RegistryDemo.csproj", "{82AA8D91-435F-4B7C-8DCA-03D80D9F59D0}"
EndProject
Project("{9A19103F-16F7-4668-BE54-9A1E7A4F7556}") = "NET-DelegateAsyncDemo", "NET-DelegateAsyncDemo\NET-DelegateAsyncDemo.csproj", "{7992F6BC-2136-4D67-A32B-9BCBC7B0DF4B}"
EndProject
Global
	GlobalSection(SolutionConfigurationPlatforms) = preSolution
		Debug|Any CPU = Debug|Any CPU
		Debug|x64 = Debug|x64
		Debug|x86 = Debug|x86
		Release|Any CPU = Release|Any CPU
		Release|x64 = Release|x64
		Release|x86 = Release|x86
	EndGlobalSection
	GlobalSection(ProjectConfigurationPlatforms) = postSolution
		{90646BB5-6B08-4EFA-A979-5120D8E5C976}.Debug|Any CPU.ActiveCfg = Debug|Any CPU
		{90646BB5-6B08-4EFA-A979-5120D8E5C976}.Debug|Any CPU.Build.0 = Debug|Any CPU
		{90646BB5-6B08-4EFA-A979-5120D8E5C976}.Debug|x64.ActiveCfg = Debug|Any CPU
		{90646BB5-6B08-4EFA-A979-5120D8E5C976}.Debug|x64.Build.0 = Debug|Any CPU
		{90646BB5-6B08-4EFA-A979-5120D8E5C976}.Debug|x86.ActiveCfg = Debug|Any CPU
		{90646BB5-6B08-4EFA-A979-5120D8E5C976}.Debug|x86.Build.0 = Debug|Any CPU
		{90646BB5-6B08-4EFA-A979-5120D8E5C976}.Release|Any CPU.ActiveCfg = Release|Any CPU
		{90646BB5-6B08-4EFA-A979-5120D8E5C976}.Release|Any CPU.Build.0 = Release|Any CPU
		{90646BB5-6B08-4EFA-A979-5120D8E5C976}.Release|x64.ActiveCfg = Release|Any CPU
		{90646BB5-6B08-4EFA-A979-5120D8E5C976}.Release|x64.Build.0 = Release|Any CPU
		{90646BB5-6B08-4EFA-A979-5120D8E5C976}.Release|x86.ActiveCfg = Release|Any CPU
		{90646BB5-6B08-4EFA-A979-5120D8E5C976}.Release|x86.Build.0 = Release|Any CPU
		{37398AA1-B404-4A70-8234-20B0C2C000BE}.Debug|Any CPU.ActiveCfg = Debug|Any CPU
		{37398AA1-B404-4A70-8234-20B0C2C000BE}.Debug|Any CPU.Build.0 = Debug|Any CPU
		{37398AA1-B404-4A70-8234-20B0C2C000BE}.Debug|x64.ActiveCfg = Debug|Any CPU
		{37398AA1-B404-4A70-8234-20B0C2C000BE}.Debug|x64.Build.0 = Debug|Any CPU
		{37398AA1-B404-4A70-8234-20B0C2C000BE}.Debug|x86.ActiveCfg = Debug|Any CPU
		{37398AA1-B404-4A70-8234-20B0C2C000BE}.Debug|x86.Build.0 = Debug|Any CPU
		{37398AA1-B404-4A70-8234-20B0C2C000BE}.Release|Any CPU.ActiveCfg = Release|Any CPU
		{37398AA1-B404-4A70-8234-20B0C2C000BE}.Release|Any CPU.Build.0 = Release|Any CPU
		{37398AA1-B404-4A70-8234-20B0C2C000BE}.Release|x64.ActiveCfg = Release|Any CPU
		{37398AA1-B404-4A70-8234-20B0C2C000BE}.Release|x64.Build.0 = Release|Any CPU
		{37398AA1-B404-4A70-8234-20B0C2C000BE}.Release|x86.ActiveCfg = Release|Any CPU
		{37398AA1-B404-4A70-8234-20B0C2C000BE}.Release|x86.Build.0 = Release|Any CPU
		{E1DB2E14-2B51-4E8F-8768-2A36889E7050}.Debug|Any CPU.ActiveCfg = Debug|Any CPU
		{E1DB2E14-2B51-4E8F-8768-2A36889E7050}.Debug|Any CPU.Build.0 = Debug|Any CPU
		{E1DB2E14-2B51-4E8F-8768-2A36889E7050}.Debug|x64.ActiveCfg = Debug|Any CPU
		{E1DB2E14-2B51-4E8F-8768-2A36889E7050}.Debug|x64.Build.0 = Debug|Any CPU
		{E1DB2E14-2B51-4E8F-8768-2A36889E7050}.Debug|x86.ActiveCfg = Debug|Any CPU
		{E1DB2E14-2B51-4E8F-8768-2A36889E7050}.Debug|x86.Build.0 = Debug|Any CPU
		{E1DB2E14-2B51-4E8F-8768-2A36889E7050}.Release|Any CPU.ActiveCfg = Release|Any CPU
		{E1DB2E14-2B51-4E8F-8768-2A36889E7050}.Release|Any CPU.Build.0 = Release|Any CPU
		{E1DB2E14-2B51-4E8F-8768-2A36889E7050}.Release|x64.ActiveCfg = Release|Any CPU
		{E1DB2E14-2B51-4E8F-8768-2A36889E7050}.Release|x64.Build.0 = Release|Any CPU
		{E1DB2E14-2B51-4E8F-8768-2A36889E7050}.Release|x86.ActiveCfg = Release|Any CPU
		{E1DB2E14-2B51-4E8F-8768-2A36889E7050}.Release|x86.Build.0 = Release|Any CPU
		{1AB2AB21-A293-405C-A948-FFE4DF3586D1}.Debug|Any CPU.ActiveCfg = Debug|Any CPU
		{1AB2AB21-A293-405C-A948-FFE4DF3586D1}.Debug|Any CPU.Build.0 = Debug|Any CPU
		{1AB2AB21-A293-405C-A948-FFE4DF3586D1}.Debug|x64.ActiveCfg = Debug|Any CPU
		{1AB2AB21-A293-405C-A948-FFE4DF3586D1}.Debug|x64.Build.0 = Debug|Any CPU
		{1AB2AB21-A293-405C-A948-FFE4DF3586D1}.Debug|x86.ActiveCfg = Debug|Any CPU
		{1AB2AB21-A293-405C-A948-FFE4DF3586D1}.Debug|x86.Build.0 = Debug|Any CPU
		{1AB2AB21-A293-405C-A948-FFE4DF3586D1}.Release|Any CPU.ActiveCfg = Release|Any CPU
		{1AB2AB21-A293-405C-A948-FFE4DF3586D1}.Release|Any CPU.Build.0 = Release|Any CPU
		{1AB2AB21-A293-405C-A948-FFE4DF3586D1}.Release|x64.ActiveCfg = Release|Any CPU
		{1AB2AB21-A293-405C-A948-FFE4DF3586D1}.Release|x64.Build.0 = Release|Any CPU
		{1AB2AB21-A293-405C-A948-FFE4DF3586D1}.Release|x86.ActiveCfg = Release|Any CPU
		{1AB2AB21-A293-405C-A948-FFE4DF3586D1}.Release|x86.Build.0 = Release|Any CPU
		{B9FAF156-D482-4C34-B222-647287D12034}.Debug|Any CPU.ActiveCfg = Debug|Any CPU
		{B9FAF156-D482-4C34-B222-647287D12034}.Debug|Any CPU.Build.0 = Debug|Any CPU
		{B9FAF156-D482-4C34-B222-647287D12034}.Debug|x64.ActiveCfg = Debug|Any CPU
		{B9FAF156-D482-4C34-B222-647287D12034}.Debug|x64.Build.0 = Debug|Any CPU
		{B9FAF156-D482-4C34-B222-647287D12034}.Debug|x86.ActiveCfg = Debug|Any CPU
		{B9FAF156-D482-4C34-B222-647287D12034}.Debug|x86.Build.0 = Debug|Any CPU
		{B9FAF156-D482-4C34-B222-647287D12034}.Release|Any CPU.ActiveCfg = Release|Any CPU
		{B9FAF156-D482-4C34-B222-647287D12034}.Release|Any CPU.Build.0 = Release|Any CPU
		{B9FAF156-D482-4C34-B222-647287D12034}.Release|x64.ActiveCfg = Release|Any CPU
		{B9FAF156-D482-4C34-B222-647287D12034}.Release|x64.Build.0 = Release|Any CPU
		{B9FAF156-D482-4C34-B222-647287D12034}.Release|x86.ActiveCfg = Release|Any CPU
		{B9FAF156-D482-4C34-B222-647287D12034}.Release|x86.Build.0 = Release|Any CPU
		{B89D6C79-DF78-49B5-AF63-F167E97FC011}.Debug|Any CPU.ActiveCfg = Debug|Any CPU
		{B89D6C79-DF78-49B5-AF63-F167E97FC011}.Debug|Any CPU.Build.0 = Debug|Any CPU
		{B89D6C79-DF78-49B5-AF63-F167E97FC011}.Debug|x64.ActiveCfg = Debug|Any CPU
		{B89D6C79-DF78-49B5-AF63-F167E97FC011}.Debug|x64.Build.0 = Debug|Any CPU
		{B89D6C79-DF78-49B5-AF63-F167E97FC011}.Debug|x86.ActiveCfg = Debug|Any CPU
		{B89D6C79-DF78-49B5-AF63-F167E97FC011}.Debug|x86.Build.0 = Debug|Any CPU
		{B89D6C79-DF78-49B5-AF63-F167E97FC011}.Release|Any CPU.ActiveCfg = Release|Any CPU
		{B89D6C79-DF78-49B5-AF63-F167E97FC011}.Release|Any CPU.Build.0 = Release|Any CPU
		{B89D6C79-DF78-49B5-AF63-F167E97FC011}.Release|x64.ActiveCfg = Release|Any CPU
		{B89D6C79-DF78-49B5-AF63-F167E97FC011}.Release|x64.Build.0 = Release|Any CPU
		{B89D6C79-DF78-49B5-AF63-F167E97FC011}.Release|x86.ActiveCfg = Release|Any CPU
		{B89D6C79-DF78-49B5-AF63-F167E97FC011}.Release|x86.Build.0 = Release|Any CPU
		{9BC8F771-3E91-4797-BF92-4C5A7C7ABAFF}.Debug|Any CPU.ActiveCfg = Debug|Any CPU
		{9BC8F771-3E91-4797-BF92-4C5A7C7ABAFF}.Debug|Any CPU.Build.0 = Debug|Any CPU
		{9BC8F771-3E91-4797-BF92-4C5A7C7ABAFF}.Debug|x64.ActiveCfg = Debug|Any CPU
		{9BC8F771-3E91-4797-BF92-4C5A7C7ABAFF}.Debug|x64.Build.0 = Debug|Any CPU
		{9BC8F771-3E91-4797-BF92-4C5A7C7ABAFF}.Debug|x86.ActiveCfg = Debug|Any CPU
		{9BC8F771-3E91-4797-BF92-4C5A7C7ABAFF}.Debug|x86.Build.0 = Debug|Any CPU
		{9BC8F771-3E91-4797-BF92-4C5A7C7ABAFF}.Release|Any CPU.ActiveCfg = Release|Any CPU
		{9BC8F771-3E91-4797-BF92-4C5A7C7ABAFF}.Release|Any CPU.Build.0 = Release|Any CPU
		{9BC8F771-3E91-4797-BF92-4C5A7C7ABAFF}.Release|x64.ActiveCfg = Release|Any CPU
		{9BC8F771-3E91-4797-BF92-4C5A7C7ABAFF}.Release|x64.Build.0 = Release|Any CPU
		{9BC8F771-3E91-4797-BF92-4C5A7C7ABAFF}.Release|x86.ActiveCfg = Release|Any CPU
		{9BC8F771-3E91-4797-BF92-4C5A7C7ABAFF}.Release|x86.Build.0 = Release|Any CPU
		{34E26B8D-42A4-4377-B4BC-23D867277DE5}.Debug|Any CPU.ActiveCfg = Debug|Any CPU
		{34E26B8D-42A4-4377-B4BC-23D867277DE5}.Debug|Any CPU.Build.0 = Debug|Any CPU
		{34E26B8D-42A4-4377-B4BC-23D867277DE5}.Debug|x64.ActiveCfg = Debug|Any CPU
		{34E26B8D-42A4-4377-B4BC-23D867277DE5}.Debug|x64.Build.0 = Debug|Any CPU
		{34E26B8D-42A4-4377-B4BC-23D867277DE5}.Debug|x86.ActiveCfg = Debug|Any CPU
		{34E26B8D-42A4-4377-B4BC-23D867277DE5}.Debug|x86.Build.0 = Debug|Any CPU
		{34E26B8D-42A4-4377-B4BC-23D867277DE5}.Release|Any CPU.ActiveCfg = Release|Any CPU
		{34E26B8D-42A4-4377-B4BC-23D867277DE5}.Release|Any CPU.Build.0 = Release|Any CPU
		{34E26B8D-42A4-4377-B4BC-23D867277DE5}.Release|x64.ActiveCfg = Release|Any CPU
		{34E26B8D-42A4-4377-B4BC-23D867277DE5}.Release|x64.Build.0 = Release|Any CPU
		{34E26B8D-42A4-4377-B4BC-23D867277DE5}.Release|x86.ActiveCfg = Release|Any CPU
		{34E26B8D-42A4-4377-B4BC-23D867277DE5}.Release|x86.Build.0 = Release|Any CPU
		{AB428643-B296-4D50-A90C-46E4AACA13EA}.Debug|Any CPU.ActiveCfg = Debug|Any CPU
		{AB428643-B296-4D50-A90C-46E4AACA13EA}.Debug|Any CPU.Build.0 = Debug|Any CPU
		{AB428643-B296-4D50-A90C-46E4AACA13EA}.Debug|x64.ActiveCfg = Debug|Any CPU
		{AB428643-B296-4D50-A90C-46E4AACA13EA}.Debug|x64.Build.0 = Debug|Any CPU
		{AB428643-B296-4D50-A90C-46E4AACA13EA}.Debug|x86.ActiveCfg = Debug|Any CPU
		{AB428643-B296-4D50-A90C-46E4AACA13EA}.Debug|x86.Build.0 = Debug|Any CPU
		{AB428643-B296-4D50-A90C-46E4AACA13EA}.Release|Any CPU.ActiveCfg = Release|Any CPU
		{AB428643-B296-4D50-A90C-46E4AACA13EA}.Release|Any CPU.Build.0 = Release|Any CPU
		{AB428643-B296-4D50-A90C-46E4AACA13EA}.Release|x64.ActiveCfg = Release|Any CPU
		{AB428643-B296-4D50-A90C-46E4AACA13EA}.Release|x64.Build.0 = Release|Any CPU
		{AB428643-B296-4D50-A90C-46E4AACA13EA}.Release|x86.ActiveCfg = Release|Any CPU
		{AB428643-B296-4D50-A90C-46E4AACA13EA}.Release|x86.Build.0 = Release|Any CPU
		{2DD77A60-9E0B-4849-BDE8-B843BEA6D357}.Debug|Any CPU.ActiveCfg = Debug|Any CPU
		{2DD77A60-9E0B-4849-BDE8-B843BEA6D357}.Debug|Any CPU.Build.0 = Debug|Any CPU
		{2DD77A60-9E0B-4849-BDE8-B843BEA6D357}.Debug|x64.ActiveCfg = Debug|Any CPU
		{2DD77A60-9E0B-4849-BDE8-B843BEA6D357}.Debug|x64.Build.0 = Debug|Any CPU
		{2DD77A60-9E0B-4849-BDE8-B843BEA6D357}.Debug|x86.ActiveCfg = Debug|Any CPU
		{2DD77A60-9E0B-4849-BDE8-B843BEA6D357}.Debug|x86.Build.0 = Debug|Any CPU
		{2DD77A60-9E0B-4849-BDE8-B843BEA6D357}.Release|Any CPU.ActiveCfg = Release|Any CPU
		{2DD77A60-9E0B-4849-BDE8-B843BEA6D357}.Release|Any CPU.Build.0 = Release|Any CPU
		{2DD77A60-9E0B-4849-BDE8-B843BEA6D357}.Release|x64.ActiveCfg = Release|Any CPU
		{2DD77A60-9E0B-4849-BDE8-B843BEA6D357}.Release|x64.Build.0 = Release|Any CPU
		{2DD77A60-9E0B-4849-BDE8-B843BEA6D357}.Release|x86.ActiveCfg = Release|Any CPU
		{2DD77A60-9E0B-4849-BDE8-B843BEA6D357}.Release|x86.Build.0 = Release|Any CPU
		{8AA11357-BC59-4284-ADF6-896E57E81BA7}.Debug|Any CPU.ActiveCfg = Debug|Any CPU
		{8AA11357-BC59-4284-ADF6-896E57E81BA7}.Debug|Any CPU.Build.0 = Debug|Any CPU
		{8AA11357-BC59-4284-ADF6-896E57E81BA7}.Debug|x64.ActiveCfg = Debug|Any CPU
		{8AA11357-BC59-4284-ADF6-896E57E81BA7}.Debug|x64.Build.0 = Debug|Any CPU
		{8AA11357-BC59-4284-ADF6-896E57E81BA7}.Debug|x86.ActiveCfg = Debug|Any CPU
		{8AA11357-BC59-4284-ADF6-896E57E81BA7}.Debug|x86.Build.0 = Debug|Any CPU
		{8AA11357-BC59-4284-ADF6-896E57E81BA7}.Release|Any CPU.ActiveCfg = Release|Any CPU
		{8AA11357-BC59-4284-ADF6-896E57E81BA7}.Release|Any CPU.Build.0 = Release|Any CPU
		{8AA11357-BC59-4284-ADF6-896E57E81BA7}.Release|x64.ActiveCfg = Release|Any CPU
		{8AA11357-BC59-4284-ADF6-896E57E81BA7}.Release|x64.Build.0 = Release|Any CPU
		{8AA11357-BC59-4284-ADF6-896E57E81BA7}.Release|x86.ActiveCfg = Release|Any CPU
		{8AA11357-BC59-4284-ADF6-896E57E81BA7}.Release|x86.Build.0 = Release|Any CPU
		{55FF7E60-63CA-43E0-8836-8CA511E6DC3A}.Debug|Any CPU.ActiveCfg = Debug|Any CPU
		{55FF7E60-63CA-43E0-8836-8CA511E6DC3A}.Debug|Any CPU.Build.0 = Debug|Any CPU
		{55FF7E60-63CA-43E0-8836-8CA511E6DC3A}.Debug|x64.ActiveCfg = Debug|Any CPU
		{55FF7E60-63CA-43E0-8836-8CA511E6DC3A}.Debug|x64.Build.0 = Debug|Any CPU
		{55FF7E60-63CA-43E0-8836-8CA511E6DC3A}.Debug|x86.ActiveCfg = Debug|Any CPU
		{55FF7E60-63CA-43E0-8836-8CA511E6DC3A}.Debug|x86.Build.0 = Debug|Any CPU
		{55FF7E60-63CA-43E0-8836-8CA511E6DC3A}.Release|Any CPU.ActiveCfg = Release|Any CPU
		{55FF7E60-63CA-43E0-8836-8CA511E6DC3A}.Release|Any CPU.Build.0 = Release|Any CPU
		{55FF7E60-63CA-43E0-8836-8CA511E6DC3A}.Release|x64.ActiveCfg = Release|Any CPU
		{55FF7E60-63CA-43E0-8836-8CA511E6DC3A}.Release|x64.Build.0 = Release|Any CPU
		{55FF7E60-63CA-43E0-8836-8CA511E6DC3A}.Release|x86.ActiveCfg = Release|Any CPU
		{55FF7E60-63CA-43E0-8836-8CA511E6DC3A}.Release|x86.Build.0 = Release|Any CPU
		{64D51E8D-6502-44EB-BA92-909D7107D97C}.Debug|Any CPU.ActiveCfg = Debug|Any CPU
		{64D51E8D-6502-44EB-BA92-909D7107D97C}.Debug|Any CPU.Build.0 = Debug|Any CPU
		{64D51E8D-6502-44EB-BA92-909D7107D97C}.Debug|x64.ActiveCfg = Debug|Any CPU
		{64D51E8D-6502-44EB-BA92-909D7107D97C}.Debug|x64.Build.0 = Debug|Any CPU
		{64D51E8D-6502-44EB-BA92-909D7107D97C}.Debug|x86.ActiveCfg = Debug|Any CPU
		{64D51E8D-6502-44EB-BA92-909D7107D97C}.Debug|x86.Build.0 = Debug|Any CPU
		{64D51E8D-6502-44EB-BA92-909D7107D97C}.Release|Any CPU.ActiveCfg = Release|Any CPU
		{64D51E8D-6502-44EB-BA92-909D7107D97C}.Release|Any CPU.Build.0 = Release|Any CPU
		{64D51E8D-6502-44EB-BA92-909D7107D97C}.Release|x64.ActiveCfg = Release|Any CPU
		{64D51E8D-6502-44EB-BA92-909D7107D97C}.Release|x64.Build.0 = Release|Any CPU
		{64D51E8D-6502-44EB-BA92-909D7107D97C}.Release|x86.ActiveCfg = Release|Any CPU
		{64D51E8D-6502-44EB-BA92-909D7107D97C}.Release|x86.Build.0 = Release|Any CPU
		{9CA9DE8D-14C1-42CD-A5B1-23779BB33628}.Debug|Any CPU.ActiveCfg = Debug|Any CPU
		{9CA9DE8D-14C1-42CD-A5B1-23779BB33628}.Debug|Any CPU.Build.0 = Debug|Any CPU
		{9CA9DE8D-14C1-42CD-A5B1-23779BB33628}.Debug|x64.ActiveCfg = Debug|Any CPU
		{9CA9DE8D-14C1-42CD-A5B1-23779BB33628}.Debug|x64.Build.0 = Debug|Any CPU
		{9CA9DE8D-14C1-42CD-A5B1-23779BB33628}.Debug|x86.ActiveCfg = Debug|Any CPU
		{9CA9DE8D-14C1-42CD-A5B1-23779BB33628}.Debug|x86.Build.0 = Debug|Any CPU
		{9CA9DE8D-14C1-42CD-A5B1-23779BB33628}.Release|Any CPU.ActiveCfg = Release|Any CPU
		{9CA9DE8D-14C1-42CD-A5B1-23779BB33628}.Release|Any CPU.Build.0 = Release|Any CPU
		{9CA9DE8D-14C1-42CD-A5B1-23779BB33628}.Release|x64.ActiveCfg = Release|Any CPU
		{9CA9DE8D-14C1-42CD-A5B1-23779BB33628}.Release|x64.Build.0 = Release|Any CPU
		{9CA9DE8D-14C1-42CD-A5B1-23779BB33628}.Release|x86.ActiveCfg = Release|Any CPU
		{9CA9DE8D-14C1-42CD-A5B1-23779BB33628}.Release|x86.Build.0 = Release|Any CPU
		{F9AB7C87-6690-431B-9E28-59F7F2818FC8}.Debug|Any CPU.ActiveCfg = Debug|Any CPU
		{F9AB7C87-6690-431B-9E28-59F7F2818FC8}.Debug|Any CPU.Build.0 = Debug|Any CPU
		{F9AB7C87-6690-431B-9E28-59F7F2818FC8}.Debug|x64.ActiveCfg = Debug|Any CPU
		{F9AB7C87-6690-431B-9E28-59F7F2818FC8}.Debug|x64.Build.0 = Debug|Any CPU
		{F9AB7C87-6690-431B-9E28-59F7F2818FC8}.Debug|x86.ActiveCfg = Debug|Any CPU
		{F9AB7C87-6690-431B-9E28-59F7F2818FC8}.Debug|x86.Build.0 = Debug|Any CPU
		{F9AB7C87-6690-431B-9E28-59F7F2818FC8}.Release|Any CPU.ActiveCfg = Release|Any CPU
		{F9AB7C87-6690-431B-9E28-59F7F2818FC8}.Release|Any CPU.Build.0 = Release|Any CPU
		{F9AB7C87-6690-431B-9E28-59F7F2818FC8}.Release|x64.ActiveCfg = Release|Any CPU
		{F9AB7C87-6690-431B-9E28-59F7F2818FC8}.Release|x64.Build.0 = Release|Any CPU
		{F9AB7C87-6690-431B-9E28-59F7F2818FC8}.Release|x86.ActiveCfg = Release|Any CPU
		{F9AB7C87-6690-431B-9E28-59F7F2818FC8}.Release|x86.Build.0 = Release|Any CPU
		{0AF4EC11-6E30-41F5-AFD9-2DA606B195E0}.Debug|Any CPU.ActiveCfg = Debug|Any CPU
		{0AF4EC11-6E30-41F5-AFD9-2DA606B195E0}.Debug|Any CPU.Build.0 = Debug|Any CPU
		{0AF4EC11-6E30-41F5-AFD9-2DA606B195E0}.Debug|x64.ActiveCfg = Debug|Any CPU
		{0AF4EC11-6E30-41F5-AFD9-2DA606B195E0}.Debug|x64.Build.0 = Debug|Any CPU
		{0AF4EC11-6E30-41F5-AFD9-2DA606B195E0}.Debug|x86.ActiveCfg = Debug|Any CPU
		{0AF4EC11-6E30-41F5-AFD9-2DA606B195E0}.Debug|x86.Build.0 = Debug|Any CPU
		{0AF4EC11-6E30-41F5-AFD9-2DA606B195E0}.Release|Any CPU.ActiveCfg = Release|Any CPU
		{0AF4EC11-6E30-41F5-AFD9-2DA606B195E0}.Release|Any CPU.Build.0 = Release|Any CPU
		{0AF4EC11-6E30-41F5-AFD9-2DA606B195E0}.Release|x64.ActiveCfg = Release|Any CPU
		{0AF4EC11-6E30-41F5-AFD9-2DA606B195E0}.Release|x64.Build.0 = Release|Any CPU
		{0AF4EC11-6E30-41F5-AFD9-2DA606B195E0}.Release|x86.ActiveCfg = Release|Any CPU
		{0AF4EC11-6E30-41F5-AFD9-2DA606B195E0}.Release|x86.Build.0 = Release|Any CPU
		{3FBBF75E-2B6A-4273-848B-28A81F6027F1}.Debug|Any CPU.ActiveCfg = Debug|Any CPU
		{3FBBF75E-2B6A-4273-848B-28A81F6027F1}.Debug|Any CPU.Build.0 = Debug|Any CPU
		{3FBBF75E-2B6A-4273-848B-28A81F6027F1}.Debug|x64.ActiveCfg = Debug|Any CPU
		{3FBBF75E-2B6A-4273-848B-28A81F6027F1}.Debug|x64.Build.0 = Debug|Any CPU
		{3FBBF75E-2B6A-4273-848B-28A81F6027F1}.Debug|x86.ActiveCfg = Debug|Any CPU
		{3FBBF75E-2B6A-4273-848B-28A81F6027F1}.Debug|x86.Build.0 = Debug|Any CPU
		{3FBBF75E-2B6A-4273-848B-28A81F6027F1}.Release|Any CPU.ActiveCfg = Release|Any CPU
		{3FBBF75E-2B6A-4273-848B-28A81F6027F1}.Release|Any CPU.Build.0 = Release|Any CPU
		{3FBBF75E-2B6A-4273-848B-28A81F6027F1}.Release|x64.ActiveCfg = Release|Any CPU
		{3FBBF75E-2B6A-4273-848B-28A81F6027F1}.Release|x64.Build.0 = Release|Any CPU
		{3FBBF75E-2B6A-4273-848B-28A81F6027F1}.Release|x86.ActiveCfg = Release|Any CPU
		{3FBBF75E-2B6A-4273-848B-28A81F6027F1}.Release|x86.Build.0 = Release|Any CPU
		{82AA8D91-435F-4B7C-8DCA-03D80D9F59D0}.Debug|Any CPU.ActiveCfg = Debug|Any CPU
		{82AA8D91-435F-4B7C-8DCA-03D80D9F59D0}.Debug|Any CPU.Build.0 = Debug|Any CPU
		{82AA8D91-435F-4B7C-8DCA-03D80D9F59D0}.Debug|x64.ActiveCfg = Debug|Any CPU
		{82AA8D91-435F-4B7C-8DCA-03D80D9F59D0}.Debug|x64.Build.0 = Debug|Any CPU
		{82AA8D91-435F-4B7C-8DCA-03D80D9F59D0}.Debug|x86.ActiveCfg = Debug|Any CPU
		{82AA8D91-435F-4B7C-8DCA-03D80D9F59D0}.Debug|x86.Build.0 = Debug|Any CPU
		{82AA8D91-435F-4B7C-8DCA-03D80D9F59D0}.Release|Any CPU.ActiveCfg = Release|Any CPU
		{82AA8D91-435F-4B7C-8DCA-03D80D9F59D0}.Release|Any CPU.Build.0 = Release|Any CPU
		{82AA8D91-435F-4B7C-8DCA-03D80D9F59D0}.Release|x64.ActiveCfg = Release|Any CPU
		{82AA8D91-435F-4B7C-8DCA-03D80D9F59D0}.Release|x64.Build.0 = Release|Any CPU
		{82AA8D91-435F-4B7C-8DCA-03D80D9F59D0}.Release|x86.ActiveCfg = Release|Any CPU
		{82AA8D91-435F-4B7C-8DCA-03D80D9F59D0}.Release|x86.Build.0 = Release|Any CPU
		{7992F6BC-2136-4D67-A32B-9BCBC7B0DF4B}.Debug|Any CPU.ActiveCfg = Debug|Any CPU
		{7992F6BC-2136-4D67-A32B-9BCBC7B0DF4B}.Debug|Any CPU.Build.0 = Debug|Any CPU
		{7992F6BC-2136-4D67-A32B-9BCBC7B0DF4B}.Debug|x64.ActiveCfg = Debug|Any CPU
		{7992F6BC-2136-4D67-A32B-9BCBC7B0DF4B}.Debug|x64.Build.0 = Debug|Any CPU
		{7992F6BC-2136-4D67-A32B-9BCBC7B0DF4B}.Debug|x86.ActiveCfg = Debug|Any CPU
		{7992F6BC-2136-4D67-A32B-9BCBC7B0DF4B}.Debug|x86.Build.0 = Debug|Any CPU
		{7992F6BC-2136-4D67-A32B-9BCBC7B0DF4B}.Release|Any CPU.ActiveCfg = Release|Any CPU
		{7992F6BC-2136-4D67-A32B-9BCBC7B0DF4B}.Release|Any CPU.Build.0 = Release|Any CPU
		{7992F6BC-2136-4D67-A32B-9BCBC7B0DF4B}.Release|x64.ActiveCfg = Release|Any CPU
		{7992F6BC-2136-4D67-A32B-9BCBC7B0DF4B}.Release|x64.Build.0 = Release|Any CPU
		{7992F6BC-2136-4D67-A32B-9BCBC7B0DF4B}.Release|x86.ActiveCfg = Release|Any CPU
		{7992F6BC-2136-4D67-A32B-9BCBC7B0DF4B}.Release|x86.Build.0 = Release|Any CPU
	EndGlobalSection
	GlobalSection(SolutionProperties) = preSolution
		HideSolutionNode = FALSE
	EndGlobalSection
	GlobalSection(ExtensibilityGlobals) = postSolution
		SolutionGuid = {E1AD1896-1515-44B9-94DD-3430B7092CA8}
	EndGlobalSection
EndGlobal
